
Microsoft Visual Studio Solution File, Format Version 12.00
# Visual Studio Version 17
VisualStudioVersion = 17.6.33829.357
MinimumVisualStudioVersion = 10.0.40219.1
Project("{FAE04EC0-301F-11D3-BF4B-00C04F79EFBC}") = "KANAK(Labour Management)", "KANAK(Labour Management).csproj", "{007A239D-946E-40F1-864E-CD872C54F2C0}"
EndProject
Global
	GlobalSection(SolutionConfigurationPlatforms) = preSolution
		Debug|Any CPU = Debug|Any CPU
		Release|Any CPU = Release|Any CPU
	EndGlobalSection
	GlobalSection(ProjectConfigurationPlatforms) = postSolution
		{007A239D-946E-40F1-864E-CD872C54F2C0}.Debug|Any CPU.ActiveCfg = Debug|Any CPU
		{007A239D-946E-40F1-864E-CD872C54F2C0}.Debug|Any CPU.Build.0 = Debug|Any CPU
		{007A239D-946E-40F1-864E-CD872C54F2C0}.Release|Any CPU.ActiveCfg = Release|Any CPU
		{007A239D-946E-40F1-864E-CD872C54F2C0}.Release|Any CPU.Build.0 = Release|Any CPU
	EndGlobalSection
	GlobalSection(SolutionProperties) = preSolution
		HideSolutionNode = FALSE
	EndGlobalSection
	GlobalSection(ExtensibilityGlobals) = postSolution
		SolutionGuid = {7CE82743-5181-4273-A5FB-8EB95753671E}
	EndGlobalSection
EndGlobal
